[root]
name = "hello-world"
version = "0.0.1"
dependencies = [
 "cpython 0.0.1 (registry+https://github.com/rust-lang/crates.io-index)",
 "interpolate_idents 0.0.3 (registry+https://github.com/rust-lang/crates.io-index)",
]

[[package]]
name = "cpython"
version = "0.0.1"
source = "registry+https://github.com/rust-lang/crates.io-index"
dependencies = [
 "libc 0.1.8 (registry+https://github.com/rust-lang/crates.io-index)",
 "python27-sys 0.0.6 (registry+https://github.com/rust-lang/crates.io-index)",
]

[[package]]
name = "interpolate_idents"
version = "0.0.3"
source = "registry+https://github.com/rust-lang/crates.io-index"

[[package]]
name = "libc"
version = "0.1.8"
source = "registry+https://github.com/rust-lang/crates.io-index"

[[package]]
name = "pkg-config"
version = "0.3.4"
source = "registry+https://github.com/rust-lang/crates.io-index"

[[package]]
name = "python27-sys"
version = "0.0.6"
source = "registry+https://github.com/rust-lang/crates.io-index"
dependencies = [
 "libc 0.1.8 (registry+https://github.com/rust-lang/crates.io-index)",
 "pkg-config 0.3.4 (registry+https://github.com/rust-lang/crates.io-index)",
]

